
Microsoft Visual Studio Solution File, Format Version 12.00
# Visual Studio Version 16
VisualStudioVersion = 16.0.29709.97
MinimumVisualStudioVersion = 10.0.40219.1
Project("{FAE04EC0-301F-11D3-BF4B-00C04F79EFBC}") = "CapaDiseno", "CapaDiseno\CapaDiseno.csproj", "{1005C277-2337-4AAD-8CC8-8E4020A6E6D3}"
EndProject
Project("{FAE04EC0-301F-11D3-BF4B-00C04F79EFBC}") = "CapaLogica", "CapaLogica\CapaLogica.csproj", "{DB08A40D-8223-4571-8B65-F8DA82EC2EBD}"
EndProject
Project("{FAE04EC0-301F-11D3-BF4B-00C04F79EFBC}") = "CapaDatos", "CapaDatos\CapaDatos.csproj", "{F791AA4E-9823-4BF2-852F-051484EAA4AD}"
EndProject
Global
	GlobalSection(SolutionConfigurationPlatforms) = preSolution
		Debug|Any CPU = Debug|Any CPU
		Release|Any CPU = Release|Any CPU
	EndGlobalSection
	GlobalSection(ProjectConfigurationPlatforms) = postSolution
		{1005C277-2337-4AAD-8CC8-8E4020A6E6D3}.Debug|Any CPU.ActiveCfg = Debug|Any CPU
		{1005C277-2337-4AAD-8CC8-8E4020A6E6D3}.Debug|Any CPU.Build.0 = Debug|Any CPU
		{1005C277-2337-4AAD-8CC8-8E4020A6E6D3}.Release|Any CPU.ActiveCfg = Release|Any CPU
		{1005C277-2337-4AAD-8CC8-8E4020A6E6D3}.Release|Any CPU.Build.0 = Release|Any CPU
		{DB08A40D-8223-4571-8B65-F8DA82EC2EBD}.Debug|Any CPU.ActiveCfg = Debug|Any CPU
		{DB08A40D-8223-4571-8B65-F8DA82EC2EBD}.Debug|Any CPU.Build.0 = Debug|Any CPU
		{DB08A40D-8223-4571-8B65-F8DA82EC2EBD}.Release|Any CPU.ActiveCfg = Release|Any CPU
		{DB08A40D-8223-4571-8B65-F8DA82EC2EBD}.Release|Any CPU.Build.0 = Release|Any CPU
		{F791AA4E-9823-4BF2-852F-051484EAA4AD}.Debug|Any CPU.ActiveCfg = Debug|Any CPU
		{F791AA4E-9823-4BF2-852F-051484EAA4AD}.Debug|Any CPU.Build.0 = Debug|Any CPU
		{F791AA4E-9823-4BF2-852F-051484EAA4AD}.Release|Any CPU.ActiveCfg = Release|Any CPU
		{F791AA4E-9823-4BF2-852F-051484EAA4AD}.Release|Any CPU.Build.0 = Release|Any CPU
	EndGlobalSection
	GlobalSection(SolutionProperties) = preSolution
		HideSolutionNode = FALSE
	EndGlobalSection
	GlobalSection(ExtensibilityGlobals) = postSolution
		SolutionGuid = {25E5ADBB-5B42-4844-9B08-11C88CB45941}
	EndGlobalSection
EndGlobal
